
Microsoft Visual Studio Solution File, Format Version 12.00
# Visual Studio Version 16
VisualStudioVersion = 16.0.30011.22
MinimumVisualStudioVersion = 10.0.40219.1
Project("{9A19103F-16F7-4668-BE54-9A1E7A4F7556}") = "University", "University.csproj", "{1D6E4E4C-D434-414D-B490-33F28B836E28}"
EndProject
Global
	GlobalSection(SolutionConfigurationPlatforms) = preSolution
		Debug|Any CPU = Debug|Any CPU
		Release|Any CPU = Release|Any CPU
	EndGlobalSection
	GlobalSection(ProjectConfigurationPlatforms) = postSolution
		{1D6E4E4C-D434-414D-B490-33F28B836E28}.Debug|Any CPU.ActiveCfg = Debug|Any CPU
		{1D6E4E4C-D434-414D-B490-33F28B836E28}.Debug|Any CPU.Build.0 = Debug|Any CPU
		{1D6E4E4C-D434-414D-B490-33F28B836E28}.Release|Any CPU.ActiveCfg = Release|Any CPU
		{1D6E4E4C-D434-414D-B490-33F28B836E28}.Release|Any CPU.Build.0 = Release|Any CPU
	EndGlobalSection
	GlobalSection(SolutionProperties) = preSolution
		HideSolutionNode = FALSE
	EndGlobalSection
	GlobalSection(ExtensibilityGlobals) = postSolution
		SolutionGuid = {F3E9AC14-814F-4912-99BF-13B03D88343D}
	EndGlobalSection
EndGlobal
